
Microsoft Visual Studio Solution File, Format Version 12.00
# Visual Studio Version 16
VisualStudioVersion = 16.0.29123.88
MinimumVisualStudioVersion = 10.0.40219.1
Project("{FAE04EC0-301F-11D3-BF4B-00C04F79EFBC}") = "ThreadRace", "ThreadRace\ThreadRace.csproj", "{38F1D875-3C2B-4705-88AD-85D3AD33AF6B}"
EndProject
Global
	GlobalSection(SolutionConfigurationPlatforms) = preSolution
		Debug|Any CPU = Debug|Any CPU
		Release|Any CPU = Release|Any CPU
	EndGlobalSection
	GlobalSection(ProjectConfigurationPlatforms) = postSolution
		{38F1D875-3C2B-4705-88AD-85D3AD33AF6B}.Debug|Any CPU.ActiveCfg = Debug|Any CPU
		{38F1D875-3C2B-4705-88AD-85D3AD33AF6B}.Debug|Any CPU.Build.0 = Debug|Any CPU
		{38F1D875-3C2B-4705-88AD-85D3AD33AF6B}.Release|Any CPU.ActiveCfg = Release|Any CPU
		{38F1D875-3C2B-4705-88AD-85D3AD33AF6B}.Release|Any CPU.Build.0 = Release|Any CPU
	EndGlobalSection
	GlobalSection(SolutionProperties) = preSolution
		HideSolutionNode = FALSE
	EndGlobalSection
	GlobalSection(ExtensibilityGlobals) = postSolution
		SolutionGuid = {5DC93A33-1D92-421F-93A3-6EF483DF7DA5}
	EndGlobalSection
EndGlobal
